
Microsoft Visual Studio Solution File, Format Version 12.00
# Visual Studio Version 17
VisualStudioVersion = 17.0.32014.148
MinimumVisualStudioVersion = 10.0.40219.1
Project("{888888A0-9F3D-457C-B088-3A5042F75D52}") = "recursion_practice", "recursion_practice.pyproj", "{EE46EDB6-4240-4C21-B497-06D42EAD9C68}"
EndProject
Global
	GlobalSection(SolutionConfigurationPlatforms) = preSolution
		Debug|Any CPU = Debug|Any CPU
		Release|Any CPU = Release|Any CPU
	EndGlobalSection
	GlobalSection(ProjectConfigurationPlatforms) = postSolution
		{EE46EDB6-4240-4C21-B497-06D42EAD9C68}.Debug|Any CPU.ActiveCfg = Debug|Any CPU
		{EE46EDB6-4240-4C21-B497-06D42EAD9C68}.Release|Any CPU.ActiveCfg = Release|Any CPU
	EndGlobalSection
	GlobalSection(SolutionProperties) = preSolution
		HideSolutionNode = FALSE
	EndGlobalSection
	GlobalSection(ExtensibilityGlobals) = postSolution
		SolutionGuid = {E88505CC-C963-4F56-B22D-4A01371F53C1}
	EndGlobalSection
EndGlobal
